
Microsoft Visual Studio Solution File, Format Version 12.00
# Visual Studio Version 16
VisualStudioVersion = 16.0.30309.148
MinimumVisualStudioVersion = 10.0.40219.1
Project("{FAE04EC0-301F-11D3-BF4B-00C04F79EFBC}") = "LINQsql_1", "LINQsql_1.csproj", "{74DC1D13-27EF-4887-8EFA-BD3CA5197B90}"
EndProject
Global
	GlobalSection(SolutionConfigurationPlatforms) = preSolution
		Debug|Any CPU = Debug|Any CPU
		Release|Any CPU = Release|Any CPU
	EndGlobalSection
	GlobalSection(ProjectConfigurationPlatforms) = postSolution
		{74DC1D13-27EF-4887-8EFA-BD3CA5197B90}.Debug|Any CPU.ActiveCfg = Debug|Any CPU
		{74DC1D13-27EF-4887-8EFA-BD3CA5197B90}.Debug|Any CPU.Build.0 = Debug|Any CPU
		{74DC1D13-27EF-4887-8EFA-BD3CA5197B90}.Release|Any CPU.ActiveCfg = Release|Any CPU
		{74DC1D13-27EF-4887-8EFA-BD3CA5197B90}.Release|Any CPU.Build.0 = Release|Any CPU
	EndGlobalSection
	GlobalSection(SolutionProperties) = preSolution
		HideSolutionNode = FALSE
	EndGlobalSection
	GlobalSection(ExtensibilityGlobals) = postSolution
		SolutionGuid = {6B2A3063-0508-495C-8EB9-3F50FC3A5A83}
	EndGlobalSection
EndGlobal
