
Microsoft Visual Studio Solution File, Format Version 12.00
# Visual Studio Version 16
VisualStudioVersion = 16.0.30309.148
MinimumVisualStudioVersion = 10.0.40219.1
Project("{FAE04EC0-301F-11D3-BF4B-00C04F79EFBC}") = "Linq_Student", "Linq_Student.csproj", "{9FCDCFB5-FD86-4D1D-A945-2AB1B3C68EA5}"
EndProject
Global
	GlobalSection(SolutionConfigurationPlatforms) = preSolution
		Debug|Any CPU = Debug|Any CPU
		Release|Any CPU = Release|Any CPU
	EndGlobalSection
	GlobalSection(ProjectConfigurationPlatforms) = postSolution
		{9FCDCFB5-FD86-4D1D-A945-2AB1B3C68EA5}.Debug|Any CPU.ActiveCfg = Debug|Any CPU
		{9FCDCFB5-FD86-4D1D-A945-2AB1B3C68EA5}.Debug|Any CPU.Build.0 = Debug|Any CPU
		{9FCDCFB5-FD86-4D1D-A945-2AB1B3C68EA5}.Release|Any CPU.ActiveCfg = Release|Any CPU
		{9FCDCFB5-FD86-4D1D-A945-2AB1B3C68EA5}.Release|Any CPU.Build.0 = Release|Any CPU
	EndGlobalSection
	GlobalSection(SolutionProperties) = preSolution
		HideSolutionNode = FALSE
	EndGlobalSection
	GlobalSection(ExtensibilityGlobals) = postSolution
		SolutionGuid = {E777CFAE-69F4-4936-81EE-4045CCDD95A5}
	EndGlobalSection
EndGlobal
